// !$*UTF8*$!
{
	archiveVersion = 1;
	classes = {
	};
	objectVersion = 55;
	objects = {

/* Begin PBXBuildFile section */
		07F6941B7FA9AA992791A415 /* Pods_TestTask.framework in Frameworks */ = {isa = PBXBuildFile; fileRef = 33849B870A8AC519A8927273 /* Pods_TestTask.framework */; };
		5160BE342AF24D7600093756 /* AppDelegate.swift in Sources */ = {isa = PBXBuildFile; fileRef = 5160BE332AF24D7600093756 /* AppDelegate.swift */; };
		5160BE362AF24D7600093756 /* SceneDelegate.swift in Sources */ = {isa = PBXBuildFile; fileRef = 5160BE352AF24D7600093756 /* SceneDelegate.swift */; };
		5160BE382AF24D7600093756 /* LoginViewController.swift in Sources */ = {isa = PBXBuildFile; fileRef = 5160BE372AF24D7600093756 /* LoginViewController.swift */; };
		5160BE3D2AF24D7800093756 /* Assets.xcassets in Resources */ = {isa = PBXBuildFile; fileRef = 5160BE3C2AF24D7800093756 /* Assets.xcassets */; };
		5160BE402AF24D7800093756 /* LaunchScreen.storyboard in Resources */ = {isa = PBXBuildFile; fileRef = 5160BE3E2AF24D7800093756 /* LaunchScreen.storyboard */; };
		5160BE482AF2528F00093756 /* UIButtonWithExtension.swift in Sources */ = {isa = PBXBuildFile; fileRef = 5160BE472AF2528F00093756 /* UIButtonWithExtension.swift */; };
		5160BE4A2AF299C600093756 /* FontWithExtension.swift in Sources */ = {isa = PBXBuildFile; fileRef = 5160BE492AF299C600093756 /* FontWithExtension.swift */; };
		5160BE4C2AF29C1600093756 /* LabelWithExtension.swift in Sources */ = {isa = PBXBuildFile; fileRef = 5160BE4B2AF29C1600093756 /* LabelWithExtension.swift */; };
		5160BE502AF29DFB00093756 /* StackViewWithExtension.swift in Sources */ = {isa = PBXBuildFile; fileRef = 5160BE4F2AF29DFB00093756 /* StackViewWithExtension.swift */; };
		5160BE522AF2A0FF00093756 /* OneLineTextField.swift in Sources */ = {isa = PBXBuildFile; fileRef = 5160BE512AF2A0FF00093756 /* OneLineTextField.swift */; };
		5160BE562AF2BCA800093756 /* ListOfBooksViewController.swift in Sources */ = {isa = PBXBuildFile; fileRef = 5160BE552AF2BCA800093756 /* ListOfBooksViewController.swift */; };
		5160BE582AF2C68900093756 /* BookInfoCell.swift in Sources */ = {isa = PBXBuildFile; fileRef = 5160BE572AF2C68800093756 /* BookInfoCell.swift */; };
		5160BE5C2AF2D2FA00093756 /* BookModel.swift in Sources */ = {isa = PBXBuildFile; fileRef = 5160BE5B2AF2D2FA00093756 /* BookModel.swift */; };
		5160BE612AF2E33700093756 /* Validators.swift in Sources */ = {isa = PBXBuildFile; fileRef = 5160BE602AF2E33700093756 /* Validators.swift */; };
		5160BE632AF2EBF200093756 /* AuthService.swift in Sources */ = {isa = PBXBuildFile; fileRef = 5160BE622AF2EBF200093756 /* AuthService.swift */; };
		5160BE672AF2EF1D00093756 /* KeyChainManager.swift in Sources */ = {isa = PBXBuildFile; fileRef = 5160BE662AF2EF1D00093756 /* KeyChainManager.swift */; };
		5160BE712AF3B96600093756 /* SignUpViewController.swift in Sources */ = {isa = PBXBuildFile; fileRef = 5160BE702AF3B96600093756 /* SignUpViewController.swift */; };
		5160BE732AF3BEE700093756 /* NetworkManager.swift in Sources */ = {isa = PBXBuildFile; fileRef = 5160BE722AF3BEE700093756 /* NetworkManager.swift */; };
		5160BE752AF3C4B700093756 /* BookInfoCellViewModel.swift in Sources */ = {isa = PBXBuildFile; fileRef = 5160BE742AF3C4B700093756 /* BookInfoCellViewModel.swift */; };
		5160BE772AF3C67B00093756 /* ListOfBookViewModel.swift in Sources */ = {isa = PBXBuildFile; fileRef = 5160BE762AF3C67B00093756 /* ListOfBookViewModel.swift */; };
		51D7E83F2AF3F3A000E8E3BC /* .gitignore in Resources */ = {isa = PBXBuildFile; fileRef = 51D7E83E2AF3F3A000E8E3BC /* .gitignore */; };
		51D7E8472AF4E82F00E8E3BC /* AlertExtension.swift in Sources */ = {isa = PBXBuildFile; fileRef = 51D7E8462AF4E82F00E8E3BC /* AlertExtension.swift */; };
		51D7E84C2AF4FD8700E8E3BC /* AuthError.swift in Sources */ = {isa = PBXBuildFile; fileRef = 51D7E84B2AF4FD8700E8E3BC /* AuthError.swift */; };
		51D7E85E2AF5234100E8E3BC /* Dynamic.swift in Sources */ = {isa = PBXBuildFile; fileRef = 51D7E85D2AF5234100E8E3BC /* Dynamic.swift */; };
		51D7E8612AF5236200E8E3BC /* LoginViewModel.swift in Sources */ = {isa = PBXBuildFile; fileRef = 51D7E8602AF5236200E8E3BC /* LoginViewModel.swift */; };
		51D7E8632AF5237000E8E3BC /* AuthViewModel.swift in Sources */ = {isa = PBXBuildFile; fileRef = 51D7E8622AF5237000E8E3BC /* AuthViewModel.swift */; };
		51D7E8652AF532E400E8E3BC /* Credentials.swift in Sources */ = {isa = PBXBuildFile; fileRef = 51D7E8642AF532E400E8E3BC /* Credentials.swift */; };
/* End PBXBuildFile section */

/* Begin PBXFileReference section */
		11764AD76BFFB6E4FA48CF6A /* Pods-TestTask.release.xcconfig */ = {isa = PBXFileReference; includeInIndex = 1; lastKnownFileType = text.xcconfig; name = "Pods-TestTask.release.xcconfig"; path = "Target Support Files/Pods-TestTask/Pods-TestTask.release.xcconfig"; sourceTree = "<group>"; };
		33849B870A8AC519A8927273 /* Pods_TestTask.framework */ = {isa = PBXFileReference; explicitFileType = wrapper.framework; includeInIndex = 0; path = Pods_TestTask.framework; sourceTree = BUILT_PRODUCTS_DIR; };
		5160BE302AF24D7600093756 /* TestTask.app */ = {isa = PBXFileReference; explicitFileType = wrapper.application; includeInIndex = 0; path = TestTask.app; sourceTree = BUILT_PRODUCTS_DIR; };
		5160BE332AF24D7600093756 /* AppDelegate.swift */ = {isa = PBXFileReference; lastKnownFileType = sourcecode.swift; path = AppDelegate.swift; sourceTree = "<group>"; };
		5160BE352AF24D7600093756 /* SceneDelegate.swift */ = {isa = PBXFileReference; lastKnownFileType = sourcecode.swift; path = SceneDelegate.swift; sourceTree = "<group>"; };
		5160BE372AF24D7600093756 /* LoginViewController.swift */ = {isa = PBXFileReference; lastKnownFileType = sourcecode.swift; path = LoginViewController.swift; sourceTree = "<group>"; };
		5160BE3C2AF24D7800093756 /* Assets.xcassets */ = {isa = PBXFileReference; lastKnownFileType = folder.assetcatalog; path = Assets.xcassets; sourceTree = "<group>"; };
		5160BE3F2AF24D7800093756 /* Base */ = {isa = PBXFileReference; lastKnownFileType = file.storyboard; name = Base; path = Base.lproj/LaunchScreen.storyboard; sourceTree = "<group>"; };
		5160BE412AF24D7800093756 /* Info.plist */ = {isa = PBXFileReference; lastKnownFileType = text.plist.xml; path = Info.plist; sourceTree = "<group>"; };
		5160BE472AF2528F00093756 /* UIButtonWithExtension.swift */ = {isa = PBXFileReference; lastKnownFileType = sourcecode.swift; path = UIButtonWithExtension.swift; sourceTree = "<group>"; };
		5160BE492AF299C600093756 /* FontWithExtension.swift */ = {isa = PBXFileReference; lastKnownFileType = sourcecode.swift; path = FontWithExtension.swift; sourceTree = "<group>"; };
		5160BE4B2AF29C1600093756 /* LabelWithExtension.swift */ = {isa = PBXFileReference; lastKnownFileType = sourcecode.swift; path = LabelWithExtension.swift; sourceTree = "<group>"; };
		5160BE4F2AF29DFB00093756 /* StackViewWithExtension.swift */ = {isa = PBXFileReference; lastKnownFileType = sourcecode.swift; path = StackViewWithExtension.swift; sourceTree = "<group>"; };
		5160BE512AF2A0FF00093756 /* OneLineTextField.swift */ = {isa = PBXFileReference; lastKnownFileType = sourcecode.swift; path = OneLineTextField.swift; sourceTree = "<group>"; };
		5160BE552AF2BCA800093756 /* ListOfBooksViewController.swift */ = {isa = PBXFileReference; lastKnownFileType = sourcecode.swift; path = ListOfBooksViewController.swift; sourceTree = "<group>"; };
		5160BE572AF2C68800093756 /* BookInfoCell.swift */ = {isa = PBXFileReference; lastKnownFileType = sourcecode.swift; path = BookInfoCell.swift; sourceTree = "<group>"; };
		5160BE5B2AF2D2FA00093756 /* BookModel.swift */ = {isa = PBXFileReference; lastKnownFileType = sourcecode.swift; path = BookModel.swift; sourceTree = "<group>"; };
		5160BE602AF2E33700093756 /* Validators.swift */ = {isa = PBXFileReference; lastKnownFileType = sourcecode.swift; path = Validators.swift; sourceTree = "<group>"; };
		5160BE622AF2EBF200093756 /* AuthService.swift */ = {isa = PBXFileReference; lastKnownFileType = sourcecode.swift; path = AuthService.swift; sourceTree = "<group>"; };
		5160BE662AF2EF1D00093756 /* KeyChainManager.swift */ = {isa = PBXFileReference; lastKnownFileType = sourcecode.swift; path = KeyChainManager.swift; sourceTree = "<group>"; };
		5160BE702AF3B96600093756 /* SignUpViewController.swift */ = {isa = PBXFileReference; lastKnownFileType = sourcecode.swift; path = SignUpViewController.swift; sourceTree = "<group>"; };
		5160BE722AF3BEE700093756 /* NetworkManager.swift */ = {isa = PBXFileReference; lastKnownFileType = sourcecode.swift; path = NetworkManager.swift; sourceTree = "<group>"; };
		5160BE742AF3C4B700093756 /* BookInfoCellViewModel.swift */ = {isa = PBXFileReference; lastKnownFileType = sourcecode.swift; path = BookInfoCellViewModel.swift; sourceTree = "<group>"; };
		5160BE762AF3C67B00093756 /* ListOfBookViewModel.swift */ = {isa = PBXFileReference; lastKnownFileType = sourcecode.swift; path = ListOfBookViewModel.swift; sourceTree = "<group>"; };
		51D7E83E2AF3F3A000E8E3BC /* .gitignore */ = {isa = PBXFileReference; lastKnownFileType = text; path = .gitignore; sourceTree = "<group>"; };
		51D7E8462AF4E82F00E8E3BC /* AlertExtension.swift */ = {isa = PBXFileReference; lastKnownFileType = sourcecode.swift; path = AlertExtension.swift; sourceTree = "<group>"; };
		51D7E84B2AF4FD8700E8E3BC /* AuthError.swift */ = {isa = PBXFileReference; lastKnownFileType = sourcecode.swift; path = AuthError.swift; sourceTree = "<group>"; };
		51D7E85D2AF5234100E8E3BC /* Dynamic.swift */ = {isa = PBXFileReference; lastKnownFileType = sourcecode.swift; path = Dynamic.swift; sourceTree = "<group>"; };
		51D7E8602AF5236200E8E3BC /* LoginViewModel.swift */ = {isa = PBXFileReference; lastKnownFileType = sourcecode.swift; path = LoginViewModel.swift; sourceTree = "<group>"; };
		51D7E8622AF5237000E8E3BC /* AuthViewModel.swift */ = {isa = PBXFileReference; lastKnownFileType = sourcecode.swift; path = AuthViewModel.swift; sourceTree = "<group>"; };
		51D7E8642AF532E400E8E3BC /* Credentials.swift */ = {isa = PBXFileReference; lastKnownFileType = sourcecode.swift; path = Credentials.swift; sourceTree = "<group>"; };
		92650C637C759AC6D8C646C7 /* Pods-TestTask.debug.xcconfig */ = {isa = PBXFileReference; includeInIndex = 1; lastKnownFileType = text.xcconfig; name = "Pods-TestTask.debug.xcconfig"; path = "Target Support Files/Pods-TestTask/Pods-TestTask.debug.xcconfig"; sourceTree = "<group>"; };
/* End PBXFileReference section */

/* Begin PBXFrameworksBuildPhase section */
		5160BE2D2AF24D7600093756 /* Frameworks */ = {
			isa = PBXFrameworksBuildPhase;
			buildActionMask = 2147483647;
			files = (
				07F6941B7FA9AA992791A415 /* Pods_TestTask.framework in Frameworks */,
			);
			runOnlyForDeploymentPostprocessing = 0;
		};
/* End PBXFrameworksBuildPhase section */

/* Begin PBXGroup section */
		1C75DBD33BF912F62771F362 /* Pods */ = {
			isa = PBXGroup;
			children = (
				92650C637C759AC6D8C646C7 /* Pods-TestTask.debug.xcconfig */,
				11764AD76BFFB6E4FA48CF6A /* Pods-TestTask.release.xcconfig */,
			);
			path = Pods;
			sourceTree = "<group>";
		};
		5160BE272AF24D7600093756 = {
			isa = PBXGroup;
			children = (
				51D7E83E2AF3F3A000E8E3BC /* .gitignore */,
				5160BE322AF24D7600093756 /* TestTask */,
				5160BE312AF24D7600093756 /* Products */,
				1C75DBD33BF912F62771F362 /* Pods */,
				702E89B6C4F8865D06B2B205 /* Frameworks */,
			);
			sourceTree = "<group>";
		};
		5160BE312AF24D7600093756 /* Products */ = {
			isa = PBXGroup;
			children = (
				5160BE302AF24D7600093756 /* TestTask.app */,
			);
			name = Products;
			sourceTree = "<group>";
		};
		5160BE322AF24D7600093756 /* TestTask */ = {
			isa = PBXGroup;
			children = (
				5160BE332AF24D7600093756 /* AppDelegate.swift */,
				5160BE352AF24D7600093756 /* SceneDelegate.swift */,
				5160BE3E2AF24D7800093756 /* LaunchScreen.storyboard */,
				5160BE6C2AF39EAF00093756 /* Library */,
				5160BE682AF39E6700093756 /* Login&Auth */,
				5160BE4D2AF29D4D00093756 /* Extensions */,
				5160BE3C2AF24D7800093756 /* Assets.xcassets */,
				5160BE412AF24D7800093756 /* Info.plist */,
			);
			path = TestTask;
			sourceTree = "<group>";
		};
		5160BE4D2AF29D4D00093756 /* Extensions */ = {
			isa = PBXGroup;
			children = (
				51D7E8462AF4E82F00E8E3BC /* AlertExtension.swift */,
				5160BE512AF2A0FF00093756 /* OneLineTextField.swift */,
				5160BE472AF2528F00093756 /* UIButtonWithExtension.swift */,
				5160BE4B2AF29C1600093756 /* LabelWithExtension.swift */,
				5160BE492AF299C600093756 /* FontWithExtension.swift */,
				5160BE4F2AF29DFB00093756 /* StackViewWithExtension.swift */,
			);
			path = Extensions;
			sourceTree = "<group>";
		};
		5160BE5D2AF2D33400093756 /* Model */ = {
			isa = PBXGroup;
			children = (
				5160BE5B2AF2D2FA00093756 /* BookModel.swift */,
			);
			path = Model;
			sourceTree = "<group>";
		};
		5160BE5E2AF2D71F00093756 /* ViewModel */ = {
			isa = PBXGroup;
			children = (
				5160BE742AF3C4B700093756 /* BookInfoCellViewModel.swift */,
				5160BE762AF3C67B00093756 /* ListOfBookViewModel.swift */,
			);
			path = ViewModel;
			sourceTree = "<group>";
		};
		5160BE5F2AF2D72B00093756 /* View */ = {
			isa = PBXGroup;
			children = (
				5160BE552AF2BCA800093756 /* ListOfBooksViewController.swift */,
				5160BE572AF2C68800093756 /* BookInfoCell.swift */,
			);
			path = View;
			sourceTree = "<group>";
		};
		5160BE682AF39E6700093756 /* Login&Auth */ = {
			isa = PBXGroup;
			children = (
				51D7E85F2AF5234800E8E3BC /* ViewModel */,
				5160BE692AF39E7C00093756 /* Model */,
				5160BE6A2AF39E8100093756 /* View */,
				51D7E84A2AF4F54B00E8E3BC /* Helpers */,
			);
			path = "Login&Auth";
			sourceTree = "<group>";
		};
		5160BE692AF39E7C00093756 /* Model */ = {
			isa = PBXGroup;
			children = (
				51D7E8482AF4F52A00E8E3BC /* DataStorage */,
				51D7E8642AF532E400E8E3BC /* Credentials.swift */,
			);
			path = Model;
			sourceTree = "<group>";
		};
		5160BE6A2AF39E8100093756 /* View */ = {
			isa = PBXGroup;
			children = (
				5160BE372AF24D7600093756 /* LoginViewController.swift */,
				5160BE702AF3B96600093756 /* SignUpViewController.swift */,
			);
			path = View;
			sourceTree = "<group>";
		};
		5160BE6C2AF39EAF00093756 /* Library */ = {
			isa = PBXGroup;
			children = (
				5160BE722AF3BEE700093756 /* NetworkManager.swift */,
				5160BE5E2AF2D71F00093756 /* ViewModel */,
				5160BE5F2AF2D72B00093756 /* View */,
				5160BE5D2AF2D33400093756 /* Model */,
			);
			path = Library;
			sourceTree = "<group>";
		};
		51D7E8482AF4F52A00E8E3BC /* DataStorage */ = {
			isa = PBXGroup;
			children = (
				5160BE662AF2EF1D00093756 /* KeyChainManager.swift */,
			);
			path = DataStorage;
			sourceTree = "<group>";
		};
		51D7E8492AF4F53C00E8E3BC /* AuthService */ = {
			isa = PBXGroup;
			children = (
				5160BE622AF2EBF200093756 /* AuthService.swift */,
			);
			path = AuthService;
			sourceTree = "<group>";
		};
		51D7E84A2AF4F54B00E8E3BC /* Helpers */ = {
			isa = PBXGroup;
			children = (
				5160BE602AF2E33700093756 /* Validators.swift */,
				51D7E84B2AF4FD8700E8E3BC /* AuthError.swift */,
			);
			path = Helpers;
			sourceTree = "<group>";
		};
		51D7E85C2AF5233100E8E3BC /* Bindings */ = {
			isa = PBXGroup;
			children = (
				51D7E85D2AF5234100E8E3BC /* Dynamic.swift */,
			);
			path = Bindings;
			sourceTree = "<group>";
		};
		51D7E85F2AF5234800E8E3BC /* ViewModel */ = {
			isa = PBXGroup;
			children = (
				51D7E8492AF4F53C00E8E3BC /* AuthService */,
				51D7E85C2AF5233100E8E3BC /* Bindings */,
				51D7E8602AF5236200E8E3BC /* LoginViewModel.swift */,
				51D7E8622AF5237000E8E3BC /* AuthViewModel.swift */,
			);
			path = ViewModel;
			sourceTree = "<group>";
		};
		702E89B6C4F8865D06B2B205 /* Frameworks */ = {
			isa = PBXGroup;
			children = (
				33849B870A8AC519A8927273 /* Pods_TestTask.framework */,
			);
			name = Frameworks;
			sourceTree = "<group>";
		};
/* End PBXGroup section */

/* Begin PBXNativeTarget section */
		5160BE2F2AF24D7600093756 /* TestTask */ = {
			isa = PBXNativeTarget;
			buildConfigurationList = 5160BE442AF24D7800093756 /* Build configuration list for PBXNativeTarget "TestTask" */;
			buildPhases = (
				4EB4F544785D484C061F3237 /* [CP] Check Pods Manifest.lock */,
				5160BE2C2AF24D7600093756 /* Sources */,
				5160BE2D2AF24D7600093756 /* Frameworks */,
				5160BE2E2AF24D7600093756 /* Resources */,
				1A7C8F6CE9A715888532A285 /* [CP] Embed Pods Frameworks */,
			);
			buildRules = (
			);
			dependencies = (
			);
			name = TestTask;
			productName = TestTask;
			productReference = 5160BE302AF24D7600093756 /* TestTask.app */;
			productType = "com.apple.product-type.application";
		};
/* End PBXNativeTarget section */

/* Begin PBXProject section */
		5160BE282AF24D7600093756 /* Project object */ = {
			isa = PBXProject;
			attributes = {
				BuildIndependentTargetsInParallel = 1;
				LastSwiftUpdateCheck = 1340;
				LastUpgradeCheck = 1340;
				TargetAttributes = {
					5160BE2F2AF24D7600093756 = {
						CreatedOnToolsVersion = 13.4.1;
					};
				};
			};
			buildConfigurationList = 5160BE2B2AF24D7600093756 /* Build configuration list for PBXProject "TestTask" */;
			compatibilityVersion = "Xcode 13.0";
			developmentRegion = en;
			hasScannedForEncodings = 0;
			knownRegions = (
				en,
				Base,
			);
			mainGroup = 5160BE272AF24D7600093756;
			productRefGroup = 5160BE312AF24D7600093756 /* Products */;
			projectDirPath = "";
			projectRoot = "";
			targets = (
				5160BE2F2AF24D7600093756 /* TestTask */,
			);
		};
/* End PBXProject section */

/* Begin PBXResourcesBuildPhase section */
		5160BE2E2AF24D7600093756 /* Resources */ = {
			isa = PBXResourcesBuildPhase;
			buildActionMask = 2147483647;
			files = (
				5160BE402AF24D7800093756 /* LaunchScreen.storyboard in Resources */,
				51D7E83F2AF3F3A000E8E3BC /* .gitignore in Resources */,
				5160BE3D2AF24D7800093756 /* Assets.xcassets in Resources */,
			);
			runOnlyForDeploymentPostprocessing = 0;
		};
/* End PBXResourcesBuildPhase section */

/* Begin PBXShellScriptBuildPhase section */
		1A7C8F6CE9A715888532A285 /* [CP] Embed Pods Frameworks */ = {
			isa = PBXShellScriptBuildPhase;
			buildActionMask = 2147483647;
			files = (
			);
			inputFileListPaths = (
				"${PODS_ROOT}/Target Support Files/Pods-TestTask/Pods-TestTask-frameworks-${CONFIGURATION}-input-files.xcfilelist",
			);
			name = "[CP] Embed Pods Frameworks";
			outputFileListPaths = (
				"${PODS_ROOT}/Target Support Files/Pods-TestTask/Pods-TestTask-frameworks-${CONFIGURATION}-output-files.xcfilelist",
			);
			runOnlyForDeploymentPostprocessing = 0;
			shellPath = /bin/sh;
			shellScript = "\"${PODS_ROOT}/Target Support Files/Pods-TestTask/Pods-TestTask-frameworks.sh\"\n";
			showEnvVarsInLog = 0;
		};
		4EB4F544785D484C061F3237 /* [CP] Check Pods Manifest.lock */ = {
			isa = PBXShellScriptBuildPhase;
			buildActionMask = 2147483647;
			files = (
			);
			inputFileListPaths = (
			);
			inputPaths = (
				"${PODS_PODFILE_DIR_PATH}/Podfile.lock",
				"${PODS_ROOT}/Manifest.lock",
			);
			name = "[CP] Check Pods Manifest.lock";
			outputFileListPaths = (
			);
			outputPaths = (
				"$(DERIVED_FILE_DIR)/Pods-TestTask-checkManifestLockResult.txt",
			);
			runOnlyForDeploymentPostprocessing = 0;
			shellPath = /bin/sh;
			shellScript = "diff \"${PODS_PODFILE_DIR_PATH}/Podfile.lock\" \"${PODS_ROOT}/Manifest.lock\" > /dev/null\nif [ $? != 0 ] ; then\n    # print error to STDERR\n    echo \"error: The sandbox is not in sync with the Podfile.lock. Run 'pod install' or update your CocoaPods installation.\" >&2\n    exit 1\nfi\n# This output is used by Xcode 'outputs' to avoid re-running this script phase.\necho \"SUCCESS\" > \"${SCRIPT_OUTPUT_FILE_0}\"\n";
			showEnvVarsInLog = 0;
		};
/* End PBXShellScriptBuildPhase section */

/* Begin PBXSourcesBuildPhase section */
		5160BE2C2AF24D7600093756 /* Sources */ = {
			isa = PBXSourcesBuildPhase;
			buildActionMask = 2147483647;
			files = (
				51D7E8472AF4E82F00E8E3BC /* AlertExtension.swift in Sources */,
				5160BE772AF3C67B00093756 /* ListOfBookViewModel.swift in Sources */,
				5160BE732AF3BEE700093756 /* NetworkManager.swift in Sources */,
				5160BE4A2AF299C600093756 /* FontWithExtension.swift in Sources */,
				5160BE382AF24D7600093756 /* LoginViewController.swift in Sources */,
				5160BE4C2AF29C1600093756 /* LabelWithExtension.swift in Sources */,
				51D7E84C2AF4FD8700E8E3BC /* AuthError.swift in Sources */,
				5160BE752AF3C4B700093756 /* BookInfoCellViewModel.swift in Sources */,
				5160BE502AF29DFB00093756 /* StackViewWithExtension.swift in Sources */,
				5160BE582AF2C68900093756 /* BookInfoCell.swift in Sources */,
				5160BE712AF3B96600093756 /* SignUpViewController.swift in Sources */,
				51D7E8612AF5236200E8E3BC /* LoginViewModel.swift in Sources */,
				5160BE522AF2A0FF00093756 /* OneLineTextField.swift in Sources */,
				5160BE5C2AF2D2FA00093756 /* BookModel.swift in Sources */,
				5160BE672AF2EF1D00093756 /* KeyChainManager.swift in Sources */,
				5160BE482AF2528F00093756 /* UIButtonWithExtension.swift in Sources */,
				5160BE342AF24D7600093756 /* AppDelegate.swift in Sources */,
				5160BE362AF24D7600093756 /* SceneDelegate.swift in Sources */,
				51D7E8652AF532E400E8E3BC /* Credentials.swift in Sources */,
				5160BE562AF2BCA800093756 /* ListOfBooksViewController.swift in Sources */,
				5160BE612AF2E33700093756 /* Validators.swift in Sources */,
				51D7E85E2AF5234100E8E3BC /* Dynamic.swift in Sources */,
				51D7E8632AF5237000E8E3BC /* AuthViewModel.swift in Sources */,
				5160BE632AF2EBF200093756 /* AuthService.swift in Sources */,
			);
			runOnlyForDeploymentPostprocessing = 0;
		};
/* End PBXSourcesBuildPhase section */

/* Begin PBXVariantGroup section */
		5160BE3E2AF24D7800093756 /* LaunchScreen.storyboard */ = {
			isa = PBXVariantGroup;
			children = (
				5160BE3F2AF24D7800093756 /* Base */,
			);
			name = LaunchScreen.storyboard;
			sourceTree = "<group>";
		};
/* End PBXVariantGroup section */

/* Begin XCBuildConfiguration section */
		5160BE422AF24D7800093756 /* Debug */ = {
			isa = XCBuildConfiguration;
			buildSettings = {
				ALWAYS_SEARCH_USER_PATHS = NO;
				CLANG_ANALYZER_NONNULL = YES;
				CLANG_ANALYZER_NUMBER_OBJECT_CONVERSION = YES_AGGRESSIVE;
				CLANG_CXX_LANGUAGE_STANDARD = "gnu++17";
				CLANG_ENABLE_MODULES = YES;
				CLANG_ENABLE_OBJC_ARC = YES;
				CLANG_ENABLE_OBJC_WEAK = YES;
				CLANG_WARN_BLOCK_CAPTURE_AUTORELEASING = YES;
				CLANG_WARN_BOOL_CONVERSION = YES;
				CLANG_WARN_COMMA = YES;
				CLANG_WARN_CONSTANT_CONVERSION = YES;
				CLANG_WARN_DEPRECATED_OBJC_IMPLEMENTATIONS = YES;
				CLANG_WARN_DIRECT_OBJC_ISA_USAGE = YES_ERROR;
				CLANG_WARN_DOCUMENTATION_COMMENTS = YES;
				CLANG_WARN_EMPTY_BODY = YES;
				CLANG_WARN_ENUM_CONVERSION = YES;
				CLANG_WARN_INFINITE_RECURSION = YES;
				CLANG_WARN_INT_CONVERSION = YES;
				CLANG_WARN_NON_LITERAL_NULL_CONVERSION = YES;
				CLANG_WARN_OBJC_IMPLICIT_RETAIN_SELF = YES;
				CLANG_WARN_OBJC_LITERAL_CONVERSION = YES;
				CLANG_WARN_OBJC_ROOT_CLASS = YES_ERROR;
				CLANG_WARN_QUOTED_INCLUDE_IN_FRAMEWORK_HEADER = YES;
				CLANG_WARN_RANGE_LOOP_ANALYSIS = YES;
				CLANG_WARN_STRICT_PROTOTYPES = YES;
				CLANG_WARN_SUSPICIOUS_MOVE = YES;
				CLANG_WARN_UNGUARDED_AVAILABILITY = YES_AGGRESSIVE;
				CLANG_WARN_UNREACHABLE_CODE = YES;
				CLANG_WARN__DUPLICATE_METHOD_MATCH = YES;
				COPY_PHASE_STRIP = NO;
				DEBUG_INFORMATION_FORMAT = dwarf;
				ENABLE_STRICT_OBJC_MSGSEND = YES;
				ENABLE_TESTABILITY = YES;
				GCC_C_LANGUAGE_STANDARD = gnu11;
				GCC_DYNAMIC_NO_PIC = NO;
				GCC_NO_COMMON_BLOCKS = YES;
				GCC_OPTIMIZATION_LEVEL = 0;
				GCC_PREPROCESSOR_DEFINITIONS = (
					"DEBUG=1",
					"$(inherited)",
				);
				GCC_WARN_64_TO_32_BIT_CONVERSION = YES;
				GCC_WARN_ABOUT_RETURN_TYPE = YES_ERROR;
				GCC_WARN_UNDECLARED_SELECTOR = YES;
				GCC_WARN_UNINITIALIZED_AUTOS = YES_AGGRESSIVE;
				GCC_WARN_UNUSED_FUNCTION = YES;
				GCC_WARN_UNUSED_VARIABLE = YES;
				IPHONEOS_DEPLOYMENT_TARGET = 15.5;
				MTL_ENABLE_DEBUG_INFO = INCLUDE_SOURCE;
				MTL_FAST_MATH = YES;
				ONLY_ACTIVE_ARCH = YES;
				SDKROOT = iphoneos;
				SWIFT_ACTIVE_COMPILATION_CONDITIONS = DEBUG;
				SWIFT_OPTIMIZATION_LEVEL = "-Onone";
			};
			name = Debug;
		};
		5160BE432AF24D7800093756 /* Release */ = {
			isa = XCBuildConfiguration;
			buildSettings = {
				ALWAYS_SEARCH_USER_PATHS = NO;
				CLANG_ANALYZER_NONNULL = YES;
				CLANG_ANALYZER_NUMBER_OBJECT_CONVERSION = YES_AGGRESSIVE;
				CLANG_CXX_LANGUAGE_STANDARD = "gnu++17";
				CLANG_ENABLE_MODULES = YES;
				CLANG_ENABLE_OBJC_ARC = YES;
				CLANG_ENABLE_OBJC_WEAK = YES;
				CLANG_WARN_BLOCK_CAPTURE_AUTORELEASING = YES;
				CLANG_WARN_BOOL_CONVERSION = YES;
				CLANG_WARN_COMMA = YES;
				CLANG_WARN_CONSTANT_CONVERSION = YES;
				CLANG_WARN_DEPRECATED_OBJC_IMPLEMENTATIONS = YES;
				CLANG_WARN_DIRECT_OBJC_ISA_USAGE = YES_ERROR;
				CLANG_WARN_DOCUMENTATION_COMMENTS = YES;
				CLANG_WARN_EMPTY_BODY = YES;
				CLANG_WARN_ENUM_CONVERSION = YES;
				CLANG_WARN_INFINITE_RECURSION = YES;
				CLANG_WARN_INT_CONVERSION = YES;
				CLANG_WARN_NON_LITERAL_NULL_CONVERSION = YES;
				CLANG_WARN_OBJC_IMPLICIT_RETAIN_SELF = YES;
				CLANG_WARN_OBJC_LITERAL_CONVERSION = YES;
				CLANG_WARN_OBJC_ROOT_CLASS = YES_ERROR;
				CLANG_WARN_QUOTED_INCLUDE_IN_FRAMEWORK_HEADER = YES;
				CLANG_WARN_RANGE_LOOP_ANALYSIS = YES;
				CLANG_WARN_STRICT_PROTOTYPES = YES;
				CLANG_WARN_SUSPICIOUS_MOVE = YES;
				CLANG_WARN_UNGUARDED_AVAILABILITY = YES_AGGRESSIVE;
				CLANG_WARN_UNREACHABLE_CODE = YES;
				CLANG_WARN__DUPLICATE_METHOD_MATCH = YES;
				COPY_PHASE_STRIP = NO;
				DEBUG_INFORMATION_FORMAT = "dwarf-with-dsym";
				ENABLE_NS_ASSERTIONS = NO;
				ENABLE_STRICT_OBJC_MSGSEND = YES;
				GCC_C_LANGUAGE_STANDARD = gnu11;
				GCC_NO_COMMON_BLOCKS = YES;
				GCC_WARN_64_TO_32_BIT_CONVERSION = YES;
				GCC_WARN_ABOUT_RETURN_TYPE = YES_ERROR;
				GCC_WARN_UNDECLARED_SELECTOR = YES;
				GCC_WARN_UNINITIALIZED_AUTOS = YES_AGGRESSIVE;
				GCC_WARN_UNUSED_FUNCTION = YES;
				GCC_WARN_UNUSED_VARIABLE = YES;
				IPHONEOS_DEPLOYMENT_TARGET = 15.5;
				MTL_ENABLE_DEBUG_INFO = NO;
				MTL_FAST_MATH = YES;
				SDKROOT = iphoneos;
				SWIFT_COMPILATION_MODE = wholemodule;
				SWIFT_OPTIMIZATION_LEVEL = "-O";
				VALIDATE_PRODUCT = YES;
			};
			name = Release;
		};
		5160BE452AF24D7800093756 /* Debug */ = {
			isa = XCBuildConfiguration;
			baseConfigurationReference = 92650C637C759AC6D8C646C7 /* Pods-TestTask.debug.xcconfig */;
			buildSettings = {
				ASSETCATALOG_COMPILER_APPICON_NAME = AppIcon;
				ASSETCATALOG_COMPILER_GLOBAL_ACCENT_COLOR_NAME = AccentColor;
				CODE_SIGN_STYLE = Automatic;
				CURRENT_PROJECT_VERSION = 1;
				DEVELOPMENT_TEAM = VS2UJ3F9HF;
				GENERATE_INFOPLIST_FILE = YES;
				INFOPLIST_FILE = TestTask/Info.plist;
				INFOPLIST_KEY_UIApplicationSupportsIndirectInputEvents = YES;
				INFOPLIST_KEY_UILaunchStoryboardName = LaunchScreen;
				INFOPLIST_KEY_UISupportedInterfaceOrientations_iPad = "UIInterfaceOrientationPortrait UIInterfaceOrientationPortraitUpsideDown UIInterfaceOrientationLandscapeLeft UIInterfaceOrientationLandscapeRight";
				INFOPLIST_KEY_UISupportedInterfaceOrientations_iPhone = "UIInterfaceOrientationPortrait UIInterfaceOrientationLandscapeLeft UIInterfaceOrientationLandscapeRight";
				LD_RUNPATH_SEARCH_PATHS = (
					"$(inherited)",
					"@executable_path/Frameworks",
				);
				MARKETING_VERSION = 1.0;
				PRODUCT_BUNDLE_IDENTIFIER = Test.TestTask;
				PRODUCT_NAME = "$(TARGET_NAME)";
				SWIFT_EMIT_LOC_STRINGS = YES;
				SWIFT_VERSION = 5.0;
				TARGETED_DEVICE_FAMILY = "1,2";
			};
			name = Debug;
		};
		5160BE462AF24D7800093756 /* Release */ = {
			isa = XCBuildConfiguration;
			baseConfigurationReference = 11764AD76BFFB6E4FA48CF6A /* Pods-TestTask.release.xcconfig */;
			buildSettings = {
				ASSETCATALOG_COMPILER_APPICON_NAME = AppIcon;
				ASSETCATALOG_COMPILER_GLOBAL_ACCENT_COLOR_NAME = AccentColor;
				CODE_SIGN_STYLE = Automatic;
				CURRENT_PROJECT_VERSION = 1;
				DEVELOPMENT_TEAM = VS2UJ3F9HF;
				GENERATE_INFOPLIST_FILE = YES;
				INFOPLIST_FILE = TestTask/Info.plist;
				INFOPLIST_KEY_UIApplicationSupportsIndirectInputEvents = YES;
				INFOPLIST_KEY_UILaunchStoryboardName = LaunchScreen;
				INFOPLIST_KEY_UISupportedInterfaceOrientations_iPad = "UIInterfaceOrientationPortrait UIInterfaceOrientationPortraitUpsideDown UIInterfaceOrientationLandscapeLeft UIInterfaceOrientationLandscapeRight";
				INFOPLIST_KEY_UISupportedInterfaceOrientations_iPhone = "UIInterfaceOrientationPortrait UIInterfaceOrientationLandscapeLeft UIInterfaceOrientationLandscapeRight";
				LD_RUNPATH_SEARCH_PATHS = (
					"$(inherited)",
					"@executable_path/Frameworks",
				);
				MARKETING_VERSION = 1.0;
				PRODUCT_BUNDLE_IDENTIFIER = Test.TestTask;
				PRODUCT_NAME = "$(TARGET_NAME)";
				SWIFT_EMIT_LOC_STRINGS = YES;
				SWIFT_VERSION = 5.0;
				TARGETED_DEVICE_FAMILY = "1,2";
			};
			name = Release;
		};
/* End XCBuildConfiguration section */

/* Begin XCConfigurationList section */
		5160BE2B2AF24D7600093756 /* Build configuration list for PBXProject "TestTask" */ = {
			isa = XCConfigurationList;
			buildConfigurations = (
				5160BE422AF24D7800093756 /* Debug */,
				5160BE432AF24D7800093756 /* Release */,
			);
			defaultConfigurationIsVisible = 0;
			defaultConfigurationName = Release;
		};
		5160BE442AF24D7800093756 /* Build configuration list for PBXNativeTarget "TestTask" */ = {
			isa = XCConfigurationList;
			buildConfigurations = (
				5160BE452AF24D7800093756 /* Debug */,
				5160BE462AF24D7800093756 /* Release */,
			);
			defaultConfigurationIsVisible = 0;
			defaultConfigurationName = Release;
		};
/* End XCConfigurationList section */
	};
	rootObject = 5160BE282AF24D7600093756 /* Project object */;
}
